
Microsoft Visual Studio Solution File, Format Version 12.00
# Visual Studio Version 17
VisualStudioVersion = 17.5.33414.496
MinimumVisualStudioVersion = 10.0.40219.1
Project("{9A19103F-16F7-4668-BE54-9A1E7A4F7556}") = "MyFinalProject", "MyFinalProject.csproj", "{810A1F5F-F0D7-4DDF-A189-952042B1B05A}"
EndProject
Project("{9A19103F-16F7-4668-BE54-9A1E7A4F7556}") = "AutoStoreLib.DAL", "..\AutoStoreLib\AutoStoreLib.DAL.csproj", "{4F4E3B17-11BA-4467-8EAC-5EEBD2EC8EF7}"
EndProject
Project("{FAE04EC0-301F-11D3-BF4B-00C04F79EFBC}") = "FinalProject.Tests", "..\FinalProject.Tests\FinalProject.Tests.csproj", "{573C6015-9721-42E1-9768-15704DB46FC7}"
EndProject
Global
	GlobalSection(SolutionConfigurationPlatforms) = preSolution
		Debug|Any CPU = Debug|Any CPU
		Release|Any CPU = Release|Any CPU
	EndGlobalSection
	GlobalSection(ProjectConfigurationPlatforms) = postSolution
		{810A1F5F-F0D7-4DDF-A189-952042B1B05A}.Debug|Any CPU.ActiveCfg = Debug|Any CPU
		{810A1F5F-F0D7-4DDF-A189-952042B1B05A}.Debug|Any CPU.Build.0 = Debug|Any CPU
		{810A1F5F-F0D7-4DDF-A189-952042B1B05A}.Release|Any CPU.ActiveCfg = Release|Any CPU
		{810A1F5F-F0D7-4DDF-A189-952042B1B05A}.Release|Any CPU.Build.0 = Release|Any CPU
		{4F4E3B17-11BA-4467-8EAC-5EEBD2EC8EF7}.Debug|Any CPU.ActiveCfg = Debug|Any CPU
		{4F4E3B17-11BA-4467-8EAC-5EEBD2EC8EF7}.Debug|Any CPU.Build.0 = Debug|Any CPU
		{4F4E3B17-11BA-4467-8EAC-5EEBD2EC8EF7}.Release|Any CPU.ActiveCfg = Release|Any CPU
		{4F4E3B17-11BA-4467-8EAC-5EEBD2EC8EF7}.Release|Any CPU.Build.0 = Release|Any CPU
		{573C6015-9721-42E1-9768-15704DB46FC7}.Debug|Any CPU.ActiveCfg = Debug|Any CPU
		{573C6015-9721-42E1-9768-15704DB46FC7}.Debug|Any CPU.Build.0 = Debug|Any CPU
		{573C6015-9721-42E1-9768-15704DB46FC7}.Release|Any CPU.ActiveCfg = Release|Any CPU
		{573C6015-9721-42E1-9768-15704DB46FC7}.Release|Any CPU.Build.0 = Release|Any CPU
	EndGlobalSection
	GlobalSection(SolutionProperties) = preSolution
		HideSolutionNode = FALSE
	EndGlobalSection
	GlobalSection(ExtensibilityGlobals) = postSolution
		SolutionGuid = {1CB0CF0E-D413-4745-8275-4D68F11AC973}
	EndGlobalSection
EndGlobal
