{
  "name": "wwwroot",
  "lockfileVersion": 3,
  "requires": true,
  "packages": {
    "": {
      "dependencies": {
        "@splidejs/splide": "^4.1.4",
        "jquery-html5-validity": "^1.1.2"
      }
    },
    "node_modules/@splidejs/splide": {
      "version": "4.1.4",
      "resolved": "https://registry.npmjs.org/@splidejs/splide/-/splide-4.1.4.tgz",
      "integrity": "sha512-5I30evTJcAJQXt6vJ26g2xEkG+l1nXcpEw4xpKh0/FWQ8ozmAeTbtniVtVmz2sH1Es3vgfC4SS8B2X4o5JMptA=="
    },
    "node_modules/jquery-html5-validity": {
      "version": "1.1.2",
      "resolved": "https://registry.npmjs.org/jquery-html5-validity/-/jquery-html5-validity-1.1.2.tgz",
      "integrity": "sha512-29Tq9tmT7Zw6/qX3Hif6ItwLQKp9d37wlfOMDZVwsuItG3hc5ZZQFo+QHdqmLQ54H7g/T5gUospYj3tuuwQleg=="
    }
  }
}
